
Microsoft Visual Studio Solution File, Format Version 12.00
# Visual Studio Version 16
VisualStudioVersion = 16.0.29009.5
MinimumVisualStudioVersion = 10.0.40219.1
Project("{FAE04EC0-301F-11D3-BF4B-00C04F79EFBC}") = "HeathCarePayStubs", "..\HeathCarePayStubs\HeathCarePayStubs.csproj", "{9661487B-FE2C-48F9-9439-EB7DA9AF39E4}"
EndProject
Project("{FAE04EC0-301F-11D3-BF4B-00C04F79EFBC}") = "HeathCarePayStubs.Tests", "HeathCarePayStubs.Tests\HeathCarePayStubs.Tests.csproj", "{FFFC4197-0FC9-40F0-A7A1-773AA400EDB6}"
EndProject
Project("{FAE04EC0-301F-11D3-BF4B-00C04F79EFBC}") = "DBControls", "DBConnections\DBControls.csproj", "{D355D84C-0400-4728-9E9D-BA70A6E0E733}"
EndProject
Global
	GlobalSection(SolutionConfigurationPlatforms) = preSolution
		Debug|Any CPU = Debug|Any CPU
		Release|Any CPU = Release|Any CPU
	EndGlobalSection
	GlobalSection(ProjectConfigurationPlatforms) = postSolution
		{9661487B-FE2C-48F9-9439-EB7DA9AF39E4}.Debug|Any CPU.ActiveCfg = Debug|Any CPU
		{9661487B-FE2C-48F9-9439-EB7DA9AF39E4}.Debug|Any CPU.Build.0 = Debug|Any CPU
		{9661487B-FE2C-48F9-9439-EB7DA9AF39E4}.Release|Any CPU.ActiveCfg = Release|Any CPU
		{9661487B-FE2C-48F9-9439-EB7DA9AF39E4}.Release|Any CPU.Build.0 = Release|Any CPU
		{FFFC4197-0FC9-40F0-A7A1-773AA400EDB6}.Debug|Any CPU.ActiveCfg = Debug|Any CPU
		{FFFC4197-0FC9-40F0-A7A1-773AA400EDB6}.Debug|Any CPU.Build.0 = Debug|Any CPU
		{FFFC4197-0FC9-40F0-A7A1-773AA400EDB6}.Release|Any CPU.ActiveCfg = Release|Any CPU
		{FFFC4197-0FC9-40F0-A7A1-773AA400EDB6}.Release|Any CPU.Build.0 = Release|Any CPU
		{D355D84C-0400-4728-9E9D-BA70A6E0E733}.Debug|Any CPU.ActiveCfg = Debug|Any CPU
		{D355D84C-0400-4728-9E9D-BA70A6E0E733}.Debug|Any CPU.Build.0 = Debug|Any CPU
		{D355D84C-0400-4728-9E9D-BA70A6E0E733}.Release|Any CPU.ActiveCfg = Release|Any CPU
		{D355D84C-0400-4728-9E9D-BA70A6E0E733}.Release|Any CPU.Build.0 = Release|Any CPU
	EndGlobalSection
	GlobalSection(SolutionProperties) = preSolution
		HideSolutionNode = FALSE
	EndGlobalSection
	GlobalSection(ExtensibilityGlobals) = postSolution
		SolutionGuid = {E65BEC46-EC7E-4113-92EC-BCB4514E21EB}
	EndGlobalSection
EndGlobal
